<?xml version="1.0" encoding="utf-8"?>
<Project ToolsVersion="4.0" xmlns="http://schemas.microsoft.com/developer/msbuild/2003">
  <ItemGroup>
    <Filter Include="Source Files">
      <UniqueIdentifier>{4FC737F1-C7A5-4376-A066-2A32D752A2FF}</UniqueIdentifier>
      <Extensions>cpp;c;cc;cxx;def;odl;idl;hpj;bat;asm;asmx</Extensions>
    </Filter>
    <Filter Include="Header Files">
      <UniqueIdentifier>{93995380-89BD-4b04-88EB-625FBE52EBFB}</UniqueIdentifier>
      <Extensions>h;hh;hpp;hxx;hm;inl;inc;xsd</Extensions>
    </Filter>
    <Filter Include="Resource Files">
      <UniqueIdentifier>{67DA6AB6-F800-4c08-8B7A-83BB121AAD01}</UniqueIdentifier>
      <Extensions>rc;ico;cur;bmp;dlg;rc2;rct;bin;rgs;gif;jpg;jpeg;jpe;resx;tiff;tif;png;wav;mfcribbon-ms</Extensions>
    </Filter>
  </ItemGroup>
  <ItemGroup>
    <ClInclude Include="include\SpringSimulation\Camera.hh">
      <Filter>Header Files</Filter>
    </ClInclude>
    <ClInclude Include="include\SpringSimulation\GlutApp.hh">
      <Filter>Header Files</Filter>
    </ClInclude>
    <ClInclude Include="include\SpringSimulation\GlutWrapper.hh">
      <Filter>Header Files</Filter>
    </ClInclude>
    <ClInclude Include="include\SpringSimulation\Input.hh">
      <Filter>Header Files</Filter>
    </ClInclude>
    <ClInclude Include="include\SpringSimulation\Keyboard.hh">
      <Filter>Header Files</Filter>
    </ClInclude>
    <ClInclude Include="include\SpringSimulation\Mesh.hh">
      <Filter>Header Files</Filter>
    </ClInclude>
    <ClInclude Include="include\SpringSimulation\Model.hh">
      <Filter>Header Files</Filter>
    </ClInclude>
    <ClInclude Include="include\SpringSimulation\Mouse.hh">
      <Filter>Header Files</Filter>
    </ClInclude>
    <ClInclude Include="include\SpringSimulation\Shader.hh">
      <Filter>Header Files</Filter>
    </ClInclude>
    <ClInclude Include="include\SpringSimulation\Simulation.hh">
      <Filter>Header Files</Filter>
    </ClInclude>
    <ClInclude Include="include\SpringSimulation\SpringModel.hh">
      <Filter>Header Files</Filter>
    </ClInclude>
    <ClInclude Include="include\SpringSimulation\Texture.hh">
      <Filter>Header Files</Filter>
    </ClInclude>
    <ClInclude Include="include\SpringSimulation\TextureID.hh">
      <Filter>Header Files</Filter>
    </ClInclude>
    <ClInclude Include="include\SpringSimulation\Vertex.hh">
      <Filter>Header Files</Filter>
    </ClInclude>
  </ItemGroup>
  <ItemGroup>
    <ClCompile Include="source\Camera.cc">
      <Filter>Source Files</Filter>
    </ClCompile>
    <ClCompile Include="source\GlutApp.cc">
      <Filter>Source Files</Filter>
    </ClCompile>
    <ClCompile Include="source\GlutWrapper.cc">
      <Filter>Source Files</Filter>
    </ClCompile>
    <ClCompile Include="source\Keyboard.cc">
      <Filter>Source Files</Filter>
    </ClCompile>
    <ClCompile Include="source\Main.cc">
      <Filter>Source Files</Filter>
    </ClCompile>
    <ClCompile Include="source\Mesh.cc">
      <Filter>Source Files</Filter>
    </ClCompile>
    <ClCompile Include="source\Model.cc">
      <Filter>Source Files</Filter>
    </ClCompile>
    <ClCompile Include="source\Mouse.cc">
      <Filter>Source Files</Filter>
    </ClCompile>
    <ClCompile Include="source\Shader.cc">
      <Filter>Source Files</Filter>
    </ClCompile>
    <ClCompile Include="source\Simulation.cc">
      <Filter>Source Files</Filter>
    </ClCompile>
    <ClCompile Include="source\SpringModel.cc">
      <Filter>Source Files</Filter>
    </ClCompile>
    <ClCompile Include="source\Texture.cc">
      <Filter>Source Files</Filter>
    </ClCompile>
    <ClCompile Include="source\TextureID.cc">
      <Filter>Source Files</Filter>
    </ClCompile>
  </ItemGroup>
</Project>